
Microsoft Visual Studio Solution File, Format Version 12.00
# Visual Studio 2013
VisualStudioVersion = 12.0.30723.0
MinimumVisualStudioVersion = 10.0.40219.1
Project("{FAE04EC0-301F-11D3-BF4B-00C04F79EFBC}") = "pskSerwer", "pskSerwer\pskSerwer.csproj", "{FDDA55E6-32B4-495D-9D3E-EE78C31E46DE}"
EndProject
Project("{FAE04EC0-301F-11D3-BF4B-00C04F79EFBC}") = "pskKlient", "pskKlient\pskKlient.csproj", "{16D5DD5E-B3EB-4BF9-9C31-E79B4022ED01}"
EndProject
Project("{FAE04EC0-301F-11D3-BF4B-00C04F79EFBC}") = "pskWspólne", "pskWspólne\pskWspólne.csproj", "{680E7A3E-8F99-4A34-9538-EEB1F0A3E411}"
EndProject
Global
	GlobalSection(SolutionConfigurationPlatforms) = preSolution
		Debug|Any CPU = Debug|Any CPU
		Release|Any CPU = Release|Any CPU
	EndGlobalSection
	GlobalSection(ProjectConfigurationPlatforms) = postSolution
		{FDDA55E6-32B4-495D-9D3E-EE78C31E46DE}.Debug|Any CPU.ActiveCfg = Debug|Any CPU
		{FDDA55E6-32B4-495D-9D3E-EE78C31E46DE}.Debug|Any CPU.Build.0 = Debug|Any CPU
		{FDDA55E6-32B4-495D-9D3E-EE78C31E46DE}.Release|Any CPU.ActiveCfg = Release|Any CPU
		{FDDA55E6-32B4-495D-9D3E-EE78C31E46DE}.Release|Any CPU.Build.0 = Release|Any CPU
		{16D5DD5E-B3EB-4BF9-9C31-E79B4022ED01}.Debug|Any CPU.ActiveCfg = Debug|Any CPU
		{16D5DD5E-B3EB-4BF9-9C31-E79B4022ED01}.Debug|Any CPU.Build.0 = Debug|Any CPU
		{16D5DD5E-B3EB-4BF9-9C31-E79B4022ED01}.Release|Any CPU.ActiveCfg = Release|Any CPU
		{16D5DD5E-B3EB-4BF9-9C31-E79B4022ED01}.Release|Any CPU.Build.0 = Release|Any CPU
		{680E7A3E-8F99-4A34-9538-EEB1F0A3E411}.Debug|Any CPU.ActiveCfg = Debug|Any CPU
		{680E7A3E-8F99-4A34-9538-EEB1F0A3E411}.Debug|Any CPU.Build.0 = Debug|Any CPU
		{680E7A3E-8F99-4A34-9538-EEB1F0A3E411}.Release|Any CPU.ActiveCfg = Release|Any CPU
		{680E7A3E-8F99-4A34-9538-EEB1F0A3E411}.Release|Any CPU.Build.0 = Release|Any CPU
	EndGlobalSection
	GlobalSection(SolutionProperties) = preSolution
		HideSolutionNode = FALSE
	EndGlobalSection
EndGlobal
