
Microsoft Visual Studio Solution File, Format Version 12.00
# Visual Studio 2013
VisualStudioVersion = 12.0.40629.0
MinimumVisualStudioVersion = 10.0.40219.1
Project("{FAE04EC0-301F-11D3-BF4B-00C04F79EFBC}") = "KółkoIKrzyżyk", "KółkoIKrzyżyk\KółkoIKrzyżyk.csproj", "{DB5B3C6B-D29C-446F-A6B7-2EB39F965DFB}"
EndProject
Project("{FAE04EC0-301F-11D3-BF4B-00C04F79EFBC}") = "Algorytmy", "Algorytmy\Algorytmy.csproj", "{8BF91AD1-F030-41F2-AB8E-39449874F4A7}"
EndProject
Global
	GlobalSection(SolutionConfigurationPlatforms) = preSolution
		Debug|Any CPU = Debug|Any CPU
		Release|Any CPU = Release|Any CPU
	EndGlobalSection
	GlobalSection(ProjectConfigurationPlatforms) = postSolution
		{DB5B3C6B-D29C-446F-A6B7-2EB39F965DFB}.Debug|Any CPU.ActiveCfg = Debug|Any CPU
		{DB5B3C6B-D29C-446F-A6B7-2EB39F965DFB}.Debug|Any CPU.Build.0 = Debug|Any CPU
		{DB5B3C6B-D29C-446F-A6B7-2EB39F965DFB}.Release|Any CPU.ActiveCfg = Release|Any CPU
		{DB5B3C6B-D29C-446F-A6B7-2EB39F965DFB}.Release|Any CPU.Build.0 = Release|Any CPU
		{8BF91AD1-F030-41F2-AB8E-39449874F4A7}.Debug|Any CPU.ActiveCfg = Debug|Any CPU
		{8BF91AD1-F030-41F2-AB8E-39449874F4A7}.Debug|Any CPU.Build.0 = Debug|Any CPU
		{8BF91AD1-F030-41F2-AB8E-39449874F4A7}.Release|Any CPU.ActiveCfg = Release|Any CPU
		{8BF91AD1-F030-41F2-AB8E-39449874F4A7}.Release|Any CPU.Build.0 = Release|Any CPU
	EndGlobalSection
	GlobalSection(SolutionProperties) = preSolution
		HideSolutionNode = FALSE
	EndGlobalSection
EndGlobal
