
Microsoft Visual Studio Solution File, Format Version 12.00
# Visual Studio 2013
VisualStudioVersion = 12.0.31101.0
MinimumVisualStudioVersion = 10.0.40219.1
Project("{FAE04EC0-301F-11D3-BF4B-00C04F79EFBC}") = "Mlp", "Mlp\Mlp.csproj", "{79D030BF-5F2B-45CA-8ED5-D7AAAE39844D}"
EndProject
Global
	GlobalSection(SolutionConfigurationPlatforms) = preSolution
		Debug|Any CPU = Debug|Any CPU
		Release|Any CPU = Release|Any CPU
	EndGlobalSection
	GlobalSection(ProjectConfigurationPlatforms) = postSolution
		{79D030BF-5F2B-45CA-8ED5-D7AAAE39844D}.Debug|Any CPU.ActiveCfg = Debug|Any CPU
		{79D030BF-5F2B-45CA-8ED5-D7AAAE39844D}.Debug|Any CPU.Build.0 = Debug|Any CPU
		{79D030BF-5F2B-45CA-8ED5-D7AAAE39844D}.Release|Any CPU.ActiveCfg = Release|Any CPU
		{79D030BF-5F2B-45CA-8ED5-D7AAAE39844D}.Release|Any CPU.Build.0 = Release|Any CPU
	EndGlobalSection
	GlobalSection(SolutionProperties) = preSolution
		HideSolutionNode = FALSE
	EndGlobalSection
EndGlobal
