
Microsoft Visual Studio Solution File, Format Version 12.00
# Visual Studio 2012
Project("{FAE04EC0-301F-11D3-BF4B-00C04F79EFBC}") = "alignment", "alignment\alignment.csproj", "{A1C14DF0-B757-4306-BD1B-EEE729961CD0}"
EndProject
Global
	GlobalSection(SolutionConfigurationPlatforms) = preSolution
		Debug|Any CPU = Debug|Any CPU
		Release|Any CPU = Release|Any CPU
	EndGlobalSection
	GlobalSection(ProjectConfigurationPlatforms) = postSolution
		{A1C14DF0-B757-4306-BD1B-EEE729961CD0}.Debug|Any CPU.ActiveCfg = Debug|Any CPU
		{A1C14DF0-B757-4306-BD1B-EEE729961CD0}.Debug|Any CPU.Build.0 = Debug|Any CPU
		{A1C14DF0-B757-4306-BD1B-EEE729961CD0}.Release|Any CPU.ActiveCfg = Release|Any CPU
		{A1C14DF0-B757-4306-BD1B-EEE729961CD0}.Release|Any CPU.Build.0 = Release|Any CPU
	EndGlobalSection
	GlobalSection(SolutionProperties) = preSolution
		HideSolutionNode = FALSE
	EndGlobalSection
EndGlobal
