
Microsoft Visual Studio Solution File, Format Version 12.00
# Visual Studio 2012
Project("{8BC9CEB8-8B4A-11D0-8D11-00A0C91BC942}") = "P1", "P1\P1.vcxproj", "{677C0E88-B4D8-41CA-A13E-0CCBA72E4E52}"
EndProject
Global
	GlobalSection(SolutionConfigurationPlatforms) = preSolution
		Debug|Win32 = Debug|Win32
		Release|Win32 = Release|Win32
	EndGlobalSection
	GlobalSection(ProjectConfigurationPlatforms) = postSolution
		{677C0E88-B4D8-41CA-A13E-0CCBA72E4E52}.Debug|Win32.ActiveCfg = Debug|Win32
		{677C0E88-B4D8-41CA-A13E-0CCBA72E4E52}.Debug|Win32.Build.0 = Debug|Win32
		{677C0E88-B4D8-41CA-A13E-0CCBA72E4E52}.Release|Win32.ActiveCfg = Release|Win32
		{677C0E88-B4D8-41CA-A13E-0CCBA72E4E52}.Release|Win32.Build.0 = Release|Win32
	EndGlobalSection
	GlobalSection(SolutionProperties) = preSolution
		HideSolutionNode = FALSE
	EndGlobalSection
EndGlobal
