
Microsoft Visual Studio Solution File, Format Version 12.00
# Visual Studio 2012
Project("{8BC9CEB8-8B4A-11D0-8D11-00A0C91BC942}") = "P1", "P1\P1.vcxproj", "{56E389FE-C738-420A-8F0D-4F2C1C01DFCE}"
EndProject
Global
	GlobalSection(SolutionConfigurationPlatforms) = preSolution
		Debug|Win32 = Debug|Win32
		Release|Win32 = Release|Win32
	EndGlobalSection
	GlobalSection(ProjectConfigurationPlatforms) = postSolution
		{56E389FE-C738-420A-8F0D-4F2C1C01DFCE}.Debug|Win32.ActiveCfg = Debug|Win32
		{56E389FE-C738-420A-8F0D-4F2C1C01DFCE}.Debug|Win32.Build.0 = Debug|Win32
		{56E389FE-C738-420A-8F0D-4F2C1C01DFCE}.Release|Win32.ActiveCfg = Release|Win32
		{56E389FE-C738-420A-8F0D-4F2C1C01DFCE}.Release|Win32.Build.0 = Release|Win32
	EndGlobalSection
	GlobalSection(SolutionProperties) = preSolution
		HideSolutionNode = FALSE
	EndGlobalSection
EndGlobal
